version = 1
revision = 5
requires-python = "==3.14.*"

[[package]]
name = "anyio"
version = "4.15.1"
source = { registry = "https://pypi.org/simple" }
dependencies = [
    { name = "idna" },
    { name = "typing-extensions" },
]
sdist = { url = "https://files.pythonhosted.org/packages/a9/d2/f4d173e22df740bc37b1db102b386ba719b66e95b0f0d751f556b387e6d2/anyio-4.15.1.tar.gz", hash = "sha256:9f28306018cbd6d329e64a36d58256edff76dd996fe423bc957326e578b82a94", size = 276966, upload-time = "2026-09-05T10:42:39.44Z" }
wheels = [
    { url = "https://files.pythonhosted.org/packages/12/b8/4bd346e22b28902df4d651910f5242c28d84e4a5c2435ca5c3f797ed7e2e/anyio-4.15.1-py3-none-any.whl", hash = "sha256:6152fdbbf9a77fdec97731721bebf7c4c44f7c29b424b0065826173efc7ed101", size = 132079, upload-time = "2026-09-05T10:42:37.923Z" },
]

[[package]]
name = "backoff"
version = "2.2.1"
source = { registry = "https://pypi.org/simple" }
sdist = { url = "https://files.pythonhosted.org/packages/47/d7/5bbeb12c44d7c4f2fb5b56abce497eb5ed9f34d85701de869acedd602619/backoff-2.2.1.tar.gz", hash = "sha256:03f829f5bb1923180821643f8753b0502c3b682293992485b0eef2807afa5cba", size = 17001, upload-time = "2022-10-05T19:19:32.061Z" }
wheels = [
    { url = "https://files.pythonhosted.org/packages/df/73/b6e24bd22e6720ca8ee9a85a0c4a2971af8497d8f3193fa05390cbd46e09/backoff-2.2.1-py3-none-any.whl", hash = "sha256:63579f9a0628e06278f7e47b7d7d5b6ce20dc65c5e96a6f3ca99a6adca0396e8", size = 15148, upload-time = "2022-10-05T19:19:30.546Z" },
]

[[package]]
name = "certifi"
version = "2026.7.22"
source = { registry = "https://pypi.org/simple" }
sdist = { url = "https://files.pythonhosted.org/packages/a3/c2/24167ea9858356b47a87a50d39908bfdb72ceeefe0041586e704e5376b3a/certifi-2026.7.22.tar.gz", hash = "sha256:741e2c3b351ddf169a738da9f2c048608ff7f2c5cc02f1ebc6b118bb090d5d55", size = 138112, upload-time = "2026-07-22T03:35:12.644Z" }
wheels = [
    { url = "https://files.pythonhosted.org/packages/0b/a7/71ac2cff56fec219ed242bb11b8efb69fcc4bec75db06fb7bfe35de520e6/certifi-2026.7.22-py3-none-any.whl", hash = "sha256:62f22742b58a1a33014a2b6b706588a8d7e2a88ae7bd1a6ebe8c992928483775", size = 136983, upload-time = "2026-07-22T03:35:11.276Z" },
]

[[package]]
name = "h11"
version = "0.16.0"
source = { registry = "https://pypi.org/simple" }
sdist = { url = "https://files.pythonhosted.org/packages/01/ee/02a2c011bdab74c6fb3c75474d40b3052059d95df7e73351460c8588d963/h11-0.16.0.tar.gz", hash = "sha256:4e35b956cf45792e4caa5885e69fba00bdbc6ffafbfa020300e549b208ee5ff1", size = 101250, upload-time = "2025-04-24T03:35:25.427Z" }
wheels = [
    { url = "https://files.pythonhosted.org/packages/04/4b/29cac41a4d98d144bf5f6d33995617b185d14b22401f75ca86f384e87ff1/h11-0.16.0-py3-none-any.whl", hash = "sha256:63cf8bbe7522de3bf65932fda1d9c2772064ffb3dae62d55932da54b31cb6c86", size = 37515, upload-time = "2025-04-24T03:35:24.344Z" },
]

[[package]]
name = "httpcore"
version = "1.0.9"
source = { registry = "https://pypi.org/simple" }
dependencies = [
    { name = "certifi" },
    { name = "h11" },
]
sdist = { url = "https://files.pythonhosted.org/packages/06/94/82699a10bca87a5556c9c59b5963f2d039dbd239f25bc2a63907a05a14cb/httpcore-1.0.9.tar.gz", hash = "sha256:6e34463af53fd2ab5d807f399a9b45ea31c3dfa2276f15a2c3f00afff6e176e8", size = 85484, upload-time = "2025-04-24T22:06:22.219Z" }
wheels = [
    { url = "https://files.pythonhosted.org/packages/7e/f5/f66802a942d491edb555dd61e3a9961140fd64c90bce1eafd741609d334d/httpcore-1.0.9-py3-none-any.whl", hash = "sha256:2d400746a40668fc9dec9810239072b40b4484b640a8c38fd654a024c7a1bf55", size = 78784, upload-time = "2025-04-24T22:06:20.566Z" },
]

[[package]]
name = "httpx"
version = "0.28.1"
source = { registry = "https://pypi.org/simple" }
dependencies = [
    { name = "anyio" },
    { name = "certifi" },
    { name = "httpcore" },
    { name = "idna" },
]
sdist = { url = "https://files.pythonhosted.org/packages/b1/df/48c586a5fe32a0f01324ee087459e112ebb7224f646c0b5023f5e79e9956/httpx-0.28.1.tar.gz", hash = "sha256:75e98c5f16b0f35b567856f597f06ff2270a374470a5c2392242528e3e3e42fc", size = 141406, upload-time = "2024-12-06T15:37:23.222Z" }
wheels = [
    { url = "https://files.pythonhosted.org/packages/2a/39/e50c7c3a983047577ee07d2a9e53faf5a69493943ec3f6a384bdc792deb2/httpx-0.28.1-py3-none-any.whl", hash = "sha256:d909fcccc110f8c7faf814ca82a9a4d816bc5a6dbfea25d6591d6985b8ba59ad", size = 73517, upload-time = "2024-12-06T15:37:21.509Z" },
]

[[package]]
name = "idna"
version = "3.20"
source = { registry = "https://pypi.org/simple" }
sdist = { url = "https://files.pythonhosted.org/packages/f5/08/8eea9d4b8302028f3abb2c0813953f7aec26d33b7a8960ed760e65ff29fa/idna-3.20.tar.gz", hash = "sha256:a7db850025b95ded1eae8a46181a1a6c56c92c96f0e2b005d9ff8dc0210cab44", size = 216463, upload-time = "2026-09-17T14:11:04.752Z" }
wheels = [
    { url = "https://files.pythonhosted.org/packages/58/a2/bb081bab032533a855d44de1d56f8e8426114ff1ba5d1f07a438a0a654f8/idna-3.20-py3-none-any.whl", hash = "sha256:ab7ae7122974553370f0bdb919e1a960b2cd1bc1ef0276416d896db81c14582c", size = 69583, upload-time = "2026-09-17T14:11:03.168Z" },
]

[[package]]
name = "iplist-data"
version = "0.1.0"
source = { virtual = "." }
dependencies = [
    { name = "iplists" },
]

[package.metadata]
requires-dist = [{ name = "iplists", specifier = ">=0.1.3" }]

[[package]]
name = "iplists"
version = "0.1.3"
source = { registry = "https://forge.kemonomimi.moe/api/packages/hive/pypi/simple" }
dependencies = [
    { name = "backoff" },
    { name = "httpx" },
    { name = "msgpack" },
    { name = "pattrie" },
    { name = "zstandard" },
]
sdist = { url = "https://forge.kemonomimi.moe/api/packages/hive/pypi/files/iplists/0.1.3/iplists-0.1.3.tar.gz", hash = "sha256:0cb87b0ad8cb20e832bce7fbf68caa541fd98d6b77e4775fa74447985ac7e077", size = 12109 }
wheels = [
    { url = "https://forge.kemonomimi.moe/api/packages/hive/pypi/files/iplists/0.1.3/iplists-0.1.3-py3-none-any.whl", hash = "sha256:03f878e95031e1c3853fa730e14a557b974d2a8187cdde79b5f91cd42bb45dc8", size = 14612 },
]

[[package]]
name = "msgpack"
version = "1.2.3"
source = { registry = "https://pypi.org/simple" }
sdist = { url = "https://files.pythonhosted.org/packages/0a/e7/bb605a7bab2d8425a64b3fa762b39dc1bf1c7e3f11ba6fb5413d6db0ff8c/msgpack-1.2.3.tar.gz", hash = "sha256:32edb81a2b5eb7cd7c9d941b2bfbbb082fd2cd09e0e725930316af6b708db186", size = 196517, upload-time = "2026-09-29T02:33:52.276Z" }
wheels = [
    { url = "https://files.pythonhosted.org/packages/3f/8e/f777f74e38731c428857933c8011596f2d2f3160c821152f23b6ffba862f/msgpack-1.2.3-cp314-cp314-macosx_10_15_x86_64.whl", hash = "sha256:3a31905206722103a84c1f72633fe30692cff6732c9d262e09a27dbc468797c8", size = 92042, upload-time = "2026-09-29T02:32:37.464Z" },
    { url = "https://files.pythonhosted.org/packages/a0/71/551608543ee5d590f7e8d522267665d6d9946866ad2a2a70a770f7c70793/msgpack-1.2.3-cp314-cp314-macosx_11_0_arm64.whl", hash = "sha256:3372475211a9ce1a23acefe512cb3e121d18c95dc74ed56cb1819ef40836ebf4", size = 90578, upload-time = "2026-09-29T02:32:38.883Z" },
    { url = "https://files.pythonhosted.org/packages/ea/11/6d78ce5a9a58bf9ba7b1b6a8f649173b030e6770c8019cf330b91825ee5d/msgpack-1.2.3-cp314-cp314-manylinux2014_aarch64.manylinux_2_17_aarch64.manylinux_2_28_aarch64.whl", hash = "sha256:9324c54995641c3d1f92a9d55093c8cde0ffa2fbc87a467a688ef60428393220", size = 454352, upload-time = "2026-09-29T02:32:40.34Z" },
    { url = "https://files.pythonhosted.org/packages/3d/08/feb9a196269ba7809f44f9117d9e4a601c41c313f6144fd0c337293a5488/msgpack-1.2.3-cp314-cp314-manylinux2014_x86_64.manylinux_2_17_x86_64.manylinux_2_28_x86_64.whl", hash = "sha256:d8ef3a66e4b52d2d7fdd90df2984670124b2ff7546d76bb25dcf68ef47f7df58", size = 462562, upload-time = "2026-09-29T02:32:42.176Z" },
    { url = "https://files.pythonhosted.org/packages/f5/77/3a674f366def24140b103d1ffd4fd27b3d912a13e47da67422afa16bebb3/msgpack-1.2.3-cp314-cp314-manylinux_2_31_riscv64.manylinux_2_39_riscv64.whl", hash = "sha256:902f3490db0e07a7d40b48536a85c9b28fbf1397e7e1658a45a55f958e303620", size = 418134, upload-time = "2026-09-29T02:32:43.693Z" },
    { url = "https://files.pythonhosted.org/packages/48/82/944e71f280577490d99a3951cbce21aa4cbe04e7ab42cb373fd668af883c/msgpack-1.2.3-cp314-cp314-musllinux_1_2_aarch64.whl", hash = "sha256:8e51eca14fbb65c4e0a5a9657346962bd3dca78c08e04e3d4dee70ef48687d30", size = 445937, upload-time = "2026-09-29T02:32:45.739Z" },
    { url = "https://files.pythonhosted.org/packages/b1/ec/feddd629c4a3edf1395313680450c525086cceab56dec0d4de9da9ccb618/msgpack-1.2.3-cp314-cp314-musllinux_1_2_riscv64.whl", hash = "sha256:f42f146752eedb6765f07dcc04d72dab0a25779ec8d4a88c0085263ce114f22c", size = 416450, upload-time = "2026-09-29T02:32:47.558Z" },
    { url = "https://files.pythonhosted.org/packages/e4/59/263a10f8c4613ba0713f48cbda7695ac8dd6d6fab2fcbc9168f03f23a94d/msgpack-1.2.3-cp314-cp314-musllinux_1_2_x86_64.whl", hash = "sha256:0ed5823c4efc20fe87d3530665f40ec18a002be003114814c21235cc8d256207", size = 459546, upload-time = "2026-09-29T02:32:49.145Z" },
    { url = "https://files.pythonhosted.org/packages/1e/21/addcfa1e583cfc8a22fbdc57526621b5decd7ad676ae12e9150b7be1be5d/msgpack-1.2.3-cp314-cp314-pyemscripten_2026_0_wasm32.whl", hash = "sha256:2487453ca1b6104442c6442f9a1a8fee1fe8f428a70d99d4cba799108b304150", size = 53462, upload-time = "2026-09-29T02:32:50.708Z" },
    { url = "https://files.pythonhosted.org/packages/8d/2c/3cb5c8524a1335ee27ca952c7ab78d375a16fea8e18ae3767ba0c880416c/msgpack-1.2.3-cp314-cp314-win32.whl", hash = "sha256:6df430419f2338cb71e4a34d6e64f83c88ccd321f91f40ba4513400b36d864ec", size = 70294, upload-time = "2026-09-29T02:32:52.037Z" },
    { url = "https://files.pythonhosted.org/packages/23/f9/9172ff3cdb85d160ad06df5e2708a5fce7682982a5eee8d31869b9f69d2e/msgpack-1.2.3-cp314-cp314-win_amd64.whl", hash = "sha256:84a6616d396ec1bc18a1e83e67c96a393ec35dfe5e17434a5be7b9aa0fe988ab", size = 77778, upload-time = "2026-09-29T02:32:53.429Z" },
    { url = "https://files.pythonhosted.org/packages/04/e8/b4c23178bcf605ae17cec48a75530dd69d49b0a5a6f5f4df5c47d59f746e/msgpack-1.2.3-cp314-cp314-win_arm64.whl", hash = "sha256:7a003b02c6ee2eea6dfe0bb08818631e3597e69f0131f2a8250488a1cc553290", size = 73794, upload-time = "2026-09-29T02:32:54.763Z" },
    { url = "https://files.pythonhosted.org/packages/66/b1/92704be352c4f428b7e0a0e0fb210cb1aa2b1c42c102b8dc22d34b82fac0/msgpack-1.2.3-cp314-cp314t-macosx_10_15_x86_64.whl", hash = "sha256:ccea05b5542f6d283fef3f0a8e93a7f0be90af0ddeeef84c25c0216ba76dcae1", size = 93721, upload-time = "2026-09-29T02:32:56.342Z" },
    { url = "https://files.pythonhosted.org/packages/49/78/9c91f1e86cadcbc100b3780fd429c3715648704032a612e77a00646ebe79/msgpack-1.2.3-cp314-cp314t-macosx_11_0_arm64.whl", hash = "sha256:b1631e12fe572e181cd77e831f69335d6cd5278eac22e3db3f33cf264ac2ac18", size = 94256, upload-time = "2026-09-29T02:32:58.056Z" },
    { url = "https://files.pythonhosted.org/packages/91/4d/270f9725921ae88a29d37a774a77ac24f0ef1411fc960a63f5a4665e81b4/msgpack-1.2.3-cp314-cp314t-manylinux2014_aarch64.manylinux_2_17_aarch64.manylinux_2_28_aarch64.whl", hash = "sha256:e54394b7dbe2e12ab032d9d21feef7bb61a90a150a2623633ba3781ba69dcb1f", size = 471673, upload-time = "2026-09-29T02:32:59.886Z" },
    { url = "https://files.pythonhosted.org/packages/48/b8/eaa8d930f72dc1d1dd79511dc2ccf965922b059f2f0ed3b30aebac8c4b11/msgpack-1.2.3-cp314-cp314t-manylinux2014_x86_64.manylinux_2_17_x86_64.manylinux_2_28_x86_64.whl", hash = "sha256:63bb7448a1e9111319ae2430c09a5596140c160422830d6271bc75730ff2ff9a", size = 466257, upload-time = "2026-09-29T02:33:01.517Z" },
    { url = "https://files.pythonhosted.org/packages/5b/5a/97adc805037bc7e24c4e2f711bbcd3b28be8ec9aea3e778f18208cfbdb46/msgpack-1.2.3-cp314-cp314t-manylinux_2_31_riscv64.manylinux_2_39_riscv64.whl", hash = "sha256:382bc88fe90f29f5ac8a0b65c7046ff255356f2f2f3186c30e370215736fa1dc", size = 418484, upload-time = "2026-09-29T02:33:03.402Z" },
    { url = "https://files.pythonhosted.org/packages/0d/7e/1c53302606fe436ab48ba539ebafafe4a6a9efe12c4f04dc7eb36912d93e/msgpack-1.2.3-cp314-cp314t-musllinux_1_2_aarch64.whl", hash = "sha256:c77e27790ad72989db783d5303825fba0b71550f00a490efba35cde7dc4b719f", size = 454064, upload-time = "2026-09-29T02:33:04.977Z" },
    { url = "https://files.pythonhosted.org/packages/00/2d/9ee0170f638907b396c15c6cd26b3e54f869159efc6206683acfd8f696e1/msgpack-1.2.3-cp314-cp314t-musllinux_1_2_riscv64.whl", hash = "sha256:700bc0fc9e968a292b9137ee70e7a012f7e115bf0107ce45e3a88202788dfc1e", size = 417901, upload-time = "2026-09-29T02:33:06.489Z" },
    { url = "https://files.pythonhosted.org/packages/cc/d2/905c84490a75cd15a27065407cd085d201f7d392e1e0411f49f03fd31ade/msgpack-1.2.3-cp314-cp314t-musllinux_1_2_x86_64.whl", hash = "sha256:5bd5f91ea75c45cafcc5433ba8fae59b708b736ec178d2441c40c499e9e079db", size = 459896, upload-time = "2026-09-29T02:33:08.361Z" },
    { url = "https://files.pythonhosted.org/packages/37/cd/4ce5809b9ab3b114d7cca64863e436820fa1614b49d55ccb93d49824ac2d/msgpack-1.2.3-cp314-cp314t-win32.whl", hash = "sha256:7995a7c6a62a1d6e7df211b4a16de513bd99fd053525050a319f80f44fb8015e", size = 75983, upload-time = "2026-09-29T02:33:10.023Z" },
    { url = "https://files.pythonhosted.org/packages/8a/31/853bb580744c24be0dbd8b090c3e6987dce466a1fc840fe50c0ac2ef9044/msgpack-1.2.3-cp314-cp314t-win_amd64.whl", hash = "sha256:bfe7d5b62cbe7aa664f0b3e2c49077f10fcdd06183d3014f8271ff3c5edbfbf9", size = 83757, upload-time = "2026-09-29T02:33:11.441Z" },
    { url = "https://files.pythonhosted.org/packages/0d/49/9f1b2ee484414eef9e21ee2b2b23b482bb71433ab9bac1da03cbda15ebf5/msgpack-1.2.3-cp314-cp314t-win_arm64.whl", hash = "sha256:1f585407f740a9eac04a3bb82c61d68a0ea78f90e29e670bfb086b9ce3a518dd", size = 78128, upload-time = "2026-09-29T02:33:13.063Z" },
]

[[package]]
name = "pattrie"
version = "0.5.1"
source = { registry = "https://pypi.org/simple" }
sdist = { url = "https://files.pythonhosted.org/packages/56/f1/333dd9c693eec2b2050bdaa4d7f9a103c815ef4c8c05586872940d8eeaa8/pattrie-0.5.1.tar.gz", hash = "sha256:ba34116214ba00d45f503a6343a57f50af0144be3efcb2fd188e5861bf089daa", size = 82024, upload-time = "2026-05-31T20:06:59.458Z" }
wheels = [
    { url = "https://files.pythonhosted.org/packages/cf/64/cd86f85190476c04f214f2e2d8cfcb07f4afff60486bf9f13ed3d4c94628/pattrie-0.5.1-cp314-cp314-macosx_10_12_x86_64.macosx_11_0_arm64.macosx_10_12_universal2.whl", hash = "sha256:1d551822ec49cd3f5891ed7c98ee0ba568daaf8f2bb0fe9635f56a85349a3973", size = 641935, upload-time = "2026-05-31T20:06:52.271Z" },
    { url = "https://files.pythonhosted.org/packages/8c/c8/61c9c67f2bd8e4156c89f3142e52283ee51ea342ea292545b0cf1b3a1202/pattrie-0.5.1-cp314-cp314-manylinux_2_17_x86_64.manylinux2014_x86_64.whl", hash = "sha256:86e6ebab3ce562fbbae67466508ca3b971e709feea4a7d4e495898e2abf3d73e", size = 336901, upload-time = "2026-05-31T20:06:53.488Z" },
    { url = "https://files.pythonhosted.org/packages/33/3d/f92085ca682e708f051863f574a778f5466cdf9adea2375d3b115532321e/pattrie-0.5.1-cp314-cp314-manylinux_2_28_aarch64.whl", hash = "sha256:a3d62315f79cfa2372d7762ab0a341e12a5e2f851e4ed4ca8871e180328f4f3b", size = 306153, upload-time = "2026-05-31T20:06:54.62Z" },
    { url = "https://files.pythonhosted.org/packages/b6/e3/ccff982a857220fba31d6fb6b3c214a14dff95c66636c0311826b1658991/pattrie-0.5.1-cp314-cp314-musllinux_1_2_aarch64.whl", hash = "sha256:68e16e965069c4d676f0bd38a9c5c0f4707a8b17e72ac5a287a11bebd57dc801", size = 304738, upload-time = "2026-05-31T20:06:55.887Z" },
    { url = "https://files.pythonhosted.org/packages/5e/13/bf1dd2d3841ceaa6ccfcb806c76400d6da7360f68fa01c03558d5b975875/pattrie-0.5.1-cp314-cp314-musllinux_1_2_x86_64.whl", hash = "sha256:042d9b69f5b9288acb539858122ac7e8f45c00df07cddcefdfd933dd599ffb12", size = 315083, upload-time = "2026-05-31T20:06:56.997Z" },
    { url = "https://files.pythonhosted.org/packages/b1/6c/b79883cc0782dc8f1955c6a89860c72a9feaa03dc1eb141532c8e37cdb78/pattrie-0.5.1-cp314-cp314-win_amd64.whl", hash = "sha256:e117eaafe2aa875f831f310b3cf8ba07140a190233c8f90911d2dfd11c455ae5", size = 226601, upload-time = "2026-05-31T20:06:58.267Z" },
]

[[package]]
name = "typing-extensions"
version = "4.16.0"
source = { registry = "https://pypi.org/simple" }
sdist = { url = "https://files.pythonhosted.org/packages/f6/cc/6253133b5bb138fc3306cebfbda2c520f545d36b5be2c7255cc528bb45d6/typing_extensions-4.16.0.tar.gz", hash = "sha256:dc983d19a509c94dba722ee6abd33940f7c05a89e243c47e907eb4db6f1a43e5", size = 113555, upload-time = "2026-07-02T08:40:05.92Z" }
wheels = [
    { url = "https://files.pythonhosted.org/packages/49/d3/b8441a820a491ddfc024b0b0cf0393375b75ea13866d9c66727e54c2fc80/typing_extensions-4.16.0-py3-none-any.whl", hash = "sha256:481caa481374e813c1b176ada14e97f1f67a4539ce9cfeb3f350d78d6370c2e8", size = 45571, upload-time = "2026-07-02T08:40:04.659Z" },
]

[[package]]
name = "zstandard"
version = "0.25.0"
source = { registry = "https://pypi.org/simple" }
sdist = { url = "https://files.pythonhosted.org/packages/fd/aa/3e0508d5a5dd96529cdc5a97011299056e14c6505b678fd58938792794b1/zstandard-0.25.0.tar.gz", hash = "sha256:7713e1179d162cf5c7906da876ec2ccb9c3a9dcbdffef0cc7f70c3667a205f0b", size = 711513, upload-time = "2025-09-14T22:15:54.002Z" }
wheels = [
    { url = "https://files.pythonhosted.org/packages/3d/5c/f8923b595b55fe49e30612987ad8bf053aef555c14f05bb659dd5dbe3e8a/zstandard-0.25.0-cp314-cp314-macosx_10_13_x86_64.whl", hash = "sha256:e29f0cf06974c899b2c188ef7f783607dbef36da4c242eb6c82dcd8b512855e3", size = 795887, upload-time = "2025-09-14T22:17:54.198Z" },
    { url = "https://files.pythonhosted.org/packages/8d/09/d0a2a14fc3439c5f874042dca72a79c70a532090b7ba0003be73fee37ae2/zstandard-0.25.0-cp314-cp314-macosx_11_0_arm64.whl", hash = "sha256:05df5136bc5a011f33cd25bc9f506e7426c0c9b3f9954f056831ce68f3b6689f", size = 640658, upload-time = "2025-09-14T22:17:55.423Z" },
    { url = "https://files.pythonhosted.org/packages/5d/7c/8b6b71b1ddd517f68ffb55e10834388d4f793c49c6b83effaaa05785b0b4/zstandard-0.25.0-cp314-cp314-manylinux2010_i686.manylinux_2_12_i686.manylinux_2_28_i686.whl", hash = "sha256:f604efd28f239cc21b3adb53eb061e2a205dc164be408e553b41ba2ffe0ca15c", size = 5379849, upload-time = "2025-09-14T22:17:57.372Z" },
    { url = "https://files.pythonhosted.org/packages/a4/86/a48e56320d0a17189ab7a42645387334fba2200e904ee47fc5a26c1fd8ca/zstandard-0.25.0-cp314-cp314-manylinux2014_aarch64.manylinux_2_17_aarch64.manylinux_2_28_aarch64.whl", hash = "sha256:223415140608d0f0da010499eaa8ccdb9af210a543fac54bce15babbcfc78439", size = 5058095, upload-time = "2025-09-14T22:17:59.498Z" },
    { url = "https://files.pythonhosted.org/packages/f8/ad/eb659984ee2c0a779f9d06dbfe45e2dc39d99ff40a319895df2d3d9a48e5/zstandard-0.25.0-cp314-cp314-manylinux2014_ppc64le.manylinux_2_17_ppc64le.manylinux_2_28_ppc64le.whl", hash = "sha256:2e54296a283f3ab5a26fc9b8b5d4978ea0532f37b231644f367aa588930aa043", size = 5551751, upload-time = "2025-09-14T22:18:01.618Z" },
    { url = "https://files.pythonhosted.org/packages/61/b3/b637faea43677eb7bd42ab204dfb7053bd5c4582bfe6b1baefa80ac0c47b/zstandard-0.25.0-cp314-cp314-manylinux2014_s390x.manylinux_2_17_s390x.manylinux_2_28_s390x.whl", hash = "sha256:ca54090275939dc8ec5dea2d2afb400e0f83444b2fc24e07df7fdef677110859", size = 6364818, upload-time = "2025-09-14T22:18:03.769Z" },
    { url = "https://files.pythonhosted.org/packages/31/dc/cc50210e11e465c975462439a492516a73300ab8caa8f5e0902544fd748b/zstandard-0.25.0-cp314-cp314-manylinux2014_x86_64.manylinux_2_17_x86_64.manylinux_2_28_x86_64.whl", hash = "sha256:e09bb6252b6476d8d56100e8147b803befa9a12cea144bbe629dd508800d1ad0", size = 5560402, upload-time = "2025-09-14T22:18:05.954Z" },
    { url = "https://files.pythonhosted.org/packages/c9/ae/56523ae9c142f0c08efd5e868a6da613ae76614eca1305259c3bf6a0ed43/zstandard-0.25.0-cp314-cp314-musllinux_1_2_aarch64.whl", hash = "sha256:a9ec8c642d1ec73287ae3e726792dd86c96f5681eb8df274a757bf62b750eae7", size = 4955108, upload-time = "2025-09-14T22:18:07.68Z" },
    { url = "https://files.pythonhosted.org/packages/98/cf/c899f2d6df0840d5e384cf4c4121458c72802e8bda19691f3b16619f51e9/zstandard-0.25.0-cp314-cp314-musllinux_1_2_i686.whl", hash = "sha256:a4089a10e598eae6393756b036e0f419e8c1d60f44a831520f9af41c14216cf2", size = 5269248, upload-time = "2025-09-14T22:18:09.753Z" },
    { url = "https://files.pythonhosted.org/packages/1b/c0/59e912a531d91e1c192d3085fc0f6fb2852753c301a812d856d857ea03c6/zstandard-0.25.0-cp314-cp314-musllinux_1_2_ppc64le.whl", hash = "sha256:f67e8f1a324a900e75b5e28ffb152bcac9fbed1cc7b43f99cd90f395c4375344", size = 5430330, upload-time = "2025-09-14T22:18:11.966Z" },
    { url = "https://files.pythonhosted.org/packages/a0/1d/7e31db1240de2df22a58e2ea9a93fc6e38cc29353e660c0272b6735d6669/zstandard-0.25.0-cp314-cp314-musllinux_1_2_s390x.whl", hash = "sha256:9654dbc012d8b06fc3d19cc825af3f7bf8ae242226df5f83936cb39f5fdc846c", size = 5811123, upload-time = "2025-09-14T22:18:13.907Z" },
    { url = "https://files.pythonhosted.org/packages/f6/49/fac46df5ad353d50535e118d6983069df68ca5908d4d65b8c466150a4ff1/zstandard-0.25.0-cp314-cp314-musllinux_1_2_x86_64.whl", hash = "sha256:4203ce3b31aec23012d3a4cf4a2ed64d12fea5269c49aed5e4c3611b938e4088", size = 5359591, upload-time = "2025-09-14T22:18:16.465Z" },
    { url = "https://files.pythonhosted.org/packages/c2/38/f249a2050ad1eea0bb364046153942e34abba95dd5520af199aed86fbb49/zstandard-0.25.0-cp314-cp314-win32.whl", hash = "sha256:da469dc041701583e34de852d8634703550348d5822e66a0c827d39b05365b12", size = 444513, upload-time = "2025-09-14T22:18:20.61Z" },
    { url = "https://files.pythonhosted.org/packages/3a/43/241f9615bcf8ba8903b3f0432da069e857fc4fd1783bd26183db53c4804b/zstandard-0.25.0-cp314-cp314-win_amd64.whl", hash = "sha256:c19bcdd826e95671065f8692b5a4aa95c52dc7a02a4c5a0cac46deb879a017a2", size = 516118, upload-time = "2025-09-14T22:18:17.849Z" },
    { url = "https://files.pythonhosted.org/packages/f0/ef/da163ce2450ed4febf6467d77ccb4cd52c4c30ab45624bad26ca0a27260c/zstandard-0.25.0-cp314-cp314-win_arm64.whl", hash = "sha256:d7541afd73985c630bafcd6338d2518ae96060075f9463d7dc14cfb33514383d", size = 476940, upload-time = "2025-09-14T22:18:19.088Z" },
]
